{
  "originHash" : "023cb5139d8e42e132310434ae8463c63d0dcf1cea3c70b0d0910c9cbc6aad35",
  "pins" : [
    {
      "identity" : "ios-ui-toolbox",
      "kind" : "remoteSourceControl",
      "location" : "https://github.com/yannian-liu/ios-ui-toolbox/",
      "state" : {
        "revision" : "a987456d5778a28b911dc0be5c2c398daac24853",
        "version" : "1.0.0"
      }
    }
  ],
  "version" : 3
}
